Microsoft Visual Studio Solution File, Format Version 11.00
# Visual Studio 2008

Project("{C4A2B9E2-AADC-9F5E-7933-9DD6F3786762}") = "sherpong", "Assembly-CSharp-firstpass.csproj", "{936BC71B-6662-7EB9-C420-7CC30A73DB06}"
EndProject
Project("{C4A2B9E2-AADC-9F5E-7933-9DD6F3786762}") = "sherpong", "Assembly-CSharp.csproj", "{AA89992E-814E-8877-BE96-6F6DC236B8B5}"
EndProject
Project("{C4A2B9E2-AADC-9F5E-7933-9DD6F3786762}") = "sherpong", "Assembly-CSharp-Editor.csproj", "{446ECDF6-A452-F075-C06C-BECD1E38585B}"
EndProject
Global
	GlobalSection(SolutionConfigurationPlatforms) = preSolution
		Debug|Any CPU = Debug|Any CPU
		Release|Any CPU = Release|Any CPU
	EndGlobalSection
	GlobalSection(ProjectConfigurationPlatforms) = postSolution
		{936BC71B-6662-7EB9-C420-7CC30A73DB06}.Debug|Any CPU.ActiveCfg = Debug|Any CPU
		{936BC71B-6662-7EB9-C420-7CC30A73DB06}.Debug|Any CPU.Build.0 = Debug|Any CPU
		{936BC71B-6662-7EB9-C420-7CC30A73DB06}.Release|Any CPU.ActiveCfg = Release|Any CPU
		{936BC71B-6662-7EB9-C420-7CC30A73DB06}.Release|Any CPU.Build.0 = Release|Any CPU
		{AA89992E-814E-8877-BE96-6F6DC236B8B5}.Debug|Any CPU.ActiveCfg = Debug|Any CPU
		{AA89992E-814E-8877-BE96-6F6DC236B8B5}.Debug|Any CPU.Build.0 = Debug|Any CPU
		{AA89992E-814E-8877-BE96-6F6DC236B8B5}.Release|Any CPU.ActiveCfg = Release|Any CPU
		{AA89992E-814E-8877-BE96-6F6DC236B8B5}.Release|Any CPU.Build.0 = Release|Any CPU
		{446ECDF6-A452-F075-C06C-BECD1E38585B}.Debug|Any CPU.ActiveCfg = Debug|Any CPU
		{446ECDF6-A452-F075-C06C-BECD1E38585B}.Debug|Any CPU.Build.0 = Debug|Any CPU
		{446ECDF6-A452-F075-C06C-BECD1E38585B}.Release|Any CPU.ActiveCfg = Release|Any CPU
		{446ECDF6-A452-F075-C06C-BECD1E38585B}.Release|Any CPU.Build.0 = Release|Any CPU
	EndGlobalSection
	GlobalSection(SolutionProperties) = preSolution
		HideSolutionNode = FALSE
	EndGlobalSection
	GlobalSection(MonoDevelopProperties) = preSolution
		StartupItem = Assembly-CSharp.csproj
	EndGlobalSection
EndGlobal
